
Microsoft Visual Studio Solution File, Format Version 12.00
# Visual Studio Version 16
VisualStudioVersion = 16.0.31129.286
MinimumVisualStudioVersion = 10.0.40219.1
Project("{FAE04EC0-301F-11D3-BF4B-00C04F79EFBC}") = "Extensibility", "Extensibility\Extensibility.csproj", "{44E0FEE7-19CC-4B43-B7A3-53173181FBB3}"
EndProject
Global
	GlobalSection(SolutionConfigurationPlatforms) = preSolution
		Debug|Any CPU = Debug|Any CPU
		Release|Any CPU = Release|Any CPU
	EndGlobalSection
	GlobalSection(ProjectConfigurationPlatforms) = postSolution
		{44E0FEE7-19CC-4B43-B7A3-53173181FBB3}.Debug|Any CPU.ActiveCfg = Debug|Any CPU
		{44E0FEE7-19CC-4B43-B7A3-53173181FBB3}.Debug|Any CPU.Build.0 = Debug|Any CPU
		{44E0FEE7-19CC-4B43-B7A3-53173181FBB3}.Release|Any CPU.ActiveCfg = Release|Any CPU
		{44E0FEE7-19CC-4B43-B7A3-53173181FBB3}.Release|Any CPU.Build.0 = Release|Any CPU
	EndGlobalSection
	GlobalSection(SolutionProperties) = preSolution
		HideSolutionNode = FALSE
	EndGlobalSection
	GlobalSection(ExtensibilityGlobals) = postSolution
		SolutionGuid = {5C54E3B1-96F0-4311-B5E6-F2283D0022B9}
	EndGlobalSection
EndGlobal
